
Microsoft Visual Studio Solution File, Format Version 12.00
# Visual Studio Version 17
VisualStudioVersion = 17.10.34916.146
MinimumVisualStudioVersion = 10.0.40219.1
Project("{9A19103F-16F7-4668-BE54-9A1E7A4F7556}") = "SkyShop", "SkyShop.csproj", "{71B087EC-F5CC-403C-93B5-AF2899E55D48}"
EndProject
Global
	GlobalSection(SolutionConfigurationPlatforms) = preSolution
		Debug|Any CPU = Debug|Any CPU
		Release|Any CPU = Release|Any CPU
	EndGlobalSection
	GlobalSection(ProjectConfigurationPlatforms) = postSolution
		{71B087EC-F5CC-403C-93B5-AF2899E55D48}.Debug|Any CPU.ActiveCfg = Debug|Any CPU
		{71B087EC-F5CC-403C-93B5-AF2899E55D48}.Debug|Any CPU.Build.0 = Debug|Any CPU
		{71B087EC-F5CC-403C-93B5-AF2899E55D48}.Release|Any CPU.ActiveCfg = Release|Any CPU
		{71B087EC-F5CC-403C-93B5-AF2899E55D48}.Release|Any CPU.Build.0 = Release|Any CPU
	EndGlobalSection
	GlobalSection(SolutionProperties) = preSolution
		HideSolutionNode = FALSE
	EndGlobalSection
	GlobalSection(ExtensibilityGlobals) = postSolution
		SolutionGuid = {5BC1D5F5-B04C-4B2D-B20F-C25AAF619EF9}
	EndGlobalSection
EndGlobal
