
Microsoft Visual Studio Solution File, Format Version 12.00
# Visual Studio Version 17
VisualStudioVersion = 17.0.31903.59
MinimumVisualStudioVersion = 10.0.40219.1
Project("{FAE04EC0-301F-11D3-BF4B-00C04F79EFBC}") = "SkyShop.API", "SkyShop.API\SkyShop.API.csproj", "{117B72FD-54FB-449F-A6E4-A0A1762BCE51}"
EndProject
Project("{FAE04EC0-301F-11D3-BF4B-00C04F79EFBC}") = "Infrastructure", "Infrastructure\Infrastructure.csproj", "{EDCABB9A-E81F-4D10-84FB-4B0BD74AB2F1}"
EndProject
Project("{FAE04EC0-301F-11D3-BF4B-00C04F79EFBC}") = "Core", "Core\Core.csproj", "{268FABBF-FABC-4627-92A9-4DCC39628C37}"
EndProject
Global
	GlobalSection(SolutionConfigurationPlatforms) = preSolution
		Debug|Any CPU = Debug|Any CPU
		Release|Any CPU = Release|Any CPU
	EndGlobalSection
	GlobalSection(SolutionProperties) = preSolution
		HideSolutionNode = FALSE
	EndGlobalSection
	GlobalSection(ProjectConfigurationPlatforms) = postSolution
		{117B72FD-54FB-449F-A6E4-A0A1762BCE51}.Debug|Any CPU.ActiveCfg = Debug|Any CPU
		{117B72FD-54FB-449F-A6E4-A0A1762BCE51}.Debug|Any CPU.Build.0 = Debug|Any CPU
		{117B72FD-54FB-449F-A6E4-A0A1762BCE51}.Release|Any CPU.ActiveCfg = Release|Any CPU
		{117B72FD-54FB-449F-A6E4-A0A1762BCE51}.Release|Any CPU.Build.0 = Release|Any CPU
		{EDCABB9A-E81F-4D10-84FB-4B0BD74AB2F1}.Debug|Any CPU.ActiveCfg = Debug|Any CPU
		{EDCABB9A-E81F-4D10-84FB-4B0BD74AB2F1}.Debug|Any CPU.Build.0 = Debug|Any CPU
		{EDCABB9A-E81F-4D10-84FB-4B0BD74AB2F1}.Release|Any CPU.ActiveCfg = Release|Any CPU
		{EDCABB9A-E81F-4D10-84FB-4B0BD74AB2F1}.Release|Any CPU.Build.0 = Release|Any CPU
		{268FABBF-FABC-4627-92A9-4DCC39628C37}.Debug|Any CPU.ActiveCfg = Debug|Any CPU
		{268FABBF-FABC-4627-92A9-4DCC39628C37}.Debug|Any CPU.Build.0 = Debug|Any CPU
		{268FABBF-FABC-4627-92A9-4DCC39628C37}.Release|Any CPU.ActiveCfg = Release|Any CPU
		{268FABBF-FABC-4627-92A9-4DCC39628C37}.Release|Any CPU.Build.0 = Release|Any CPU
	EndGlobalSection
EndGlobal
